// !$*UTF8*$!
{
	archiveVersion = 1;
	classes = {
	};
	objectVersion = 51;
	objects = {

/* Begin PBXBuildFile section */
		28D644400C9359E38FC24D3B /* Pods_IChame.framework in Frameworks */ = {isa = PBXBuildFile; fileRef = 9870064A581430DE698BD6CF /* Pods_IChame.framework */; };
		A90D720C25F7FBE100BA697A /* AppDelegate.swift in Sources */ = {isa = PBXBuildFile; fileRef = A90D720B25F7FBE100BA697A /* AppDelegate.swift */; };
		A90D720E25F7FBE100BA697A /* SceneDelegate.swift in Sources */ = {isa = PBXBuildFile; fileRef = A90D720D25F7FBE100BA697A /* SceneDelegate.swift */; };
		A90D721525F7FBE200BA697A /* Assets.xcassets in Resources */ = {isa = PBXBuildFile; fileRef = A90D721425F7FBE200BA697A /* Assets.xcassets */; };
		A91FB32125FAC57E00F541FB /* RegistrationScreen.storyboard in Resources */ = {isa = PBXBuildFile; fileRef = A91FB32025FAC57E00F541FB /* RegistrationScreen.storyboard */; };
		A91FB32425FAC59100F541FB /* RegistrationScreenViewController.swift in Sources */ = {isa = PBXBuildFile; fileRef = A91FB32325FAC59100F541FB /* RegistrationScreenViewController.swift */; };
		A91FB32725FAC5A100F541FB /* RegistrationScreenViewModel.swift in Sources */ = {isa = PBXBuildFile; fileRef = A91FB32625FAC5A100F541FB /* RegistrationScreenViewModel.swift */; };
		A9294DCE2603F40400602CDF /* BucketScreenViewModel.swift in Sources */ = {isa = PBXBuildFile; fileRef = A9294DCD2603F40400602CDF /* BucketScreenViewModel.swift */; };
		A9294DD22603F41000602CDF /* BucketScreenViewController.swift in Sources */ = {isa = PBXBuildFile; fileRef = A9294DD12603F41000602CDF /* BucketScreenViewController.swift */; };
		A9294DD52603F41900602CDF /* BucketScreen.storyboard in Resources */ = {isa = PBXBuildFile; fileRef = A9294DD42603F41900602CDF /* BucketScreen.storyboard */; };
		A9294DD92603F44800602CDF /* MoreScreen.storyboard in Resources */ = {isa = PBXBuildFile; fileRef = A9294DD82603F44800602CDF /* MoreScreen.storyboard */; };
		A9294DDC2603F45400602CDF /* MoreScreenViewController.swift in Sources */ = {isa = PBXBuildFile; fileRef = A9294DDB2603F45400602CDF /* MoreScreenViewController.swift */; };
		A9294DDF2603F45E00602CDF /* MoreScreenViewModel.swift in Sources */ = {isa = PBXBuildFile; fileRef = A9294DDE2603F45E00602CDF /* MoreScreenViewModel.swift */; };
		A9294DE32603F4C800602CDF /* BucketCoordinator.swift in Sources */ = {isa = PBXBuildFile; fileRef = A9294DE22603F4C800602CDF /* BucketCoordinator.swift */; };
		A9294DE62603F4E200602CDF /* MoreCoordinator.swift in Sources */ = {isa = PBXBuildFile; fileRef = A9294DE52603F4E200602CDF /* MoreCoordinator.swift */; };
		A9294DE92603F7D900602CDF /* ScreenAssembly+Bucket.swift in Sources */ = {isa = PBXBuildFile; fileRef = A9294DE82603F7D900602CDF /* ScreenAssembly+Bucket.swift */; };
		A9294DED2603F7ED00602CDF /* ScreenAssembly+MoreScreen.swift in Sources */ = {isa = PBXBuildFile; fileRef = A9294DEC2603F7ED00602CDF /* ScreenAssembly+MoreScreen.swift */; };
		A92AE6AD25F8033600D1D00A /* GoogleService-Info.plist in Resources */ = {isa = PBXBuildFile; fileRef = A92AE6AC25F8033600D1D00A /* GoogleService-Info.plist */; };
		A93490E62604C1E600CC3750 /* MenuScreenCell.swift in Sources */ = {isa = PBXBuildFile; fileRef = A93490E42604C1E600CC3750 /* MenuScreenCell.swift */; };
		A93490E72604C1E600CC3750 /* MenuScreenCell.xib in Resources */ = {isa = PBXBuildFile; fileRef = A93490E52604C1E600CC3750 /* MenuScreenCell.xib */; };
		A937603A25FAB30300F5E645 /* Animation+Extensions.swift in Sources */ = {isa = PBXBuildFile; fileRef = A937603925FAB30300F5E645 /* Animation+Extensions.swift */; };
		A937603F25FAB33E00F5E645 /* Constants.swift in Sources */ = {isa = PBXBuildFile; fileRef = A937603E25FAB33E00F5E645 /* Constants.swift */; };
		A940540925FCB10D00AB2F24 /* UserService.swift in Sources */ = {isa = PBXBuildFile; fileRef = A940540825FCB10D00AB2F24 /* UserService.swift */; };
		A940543D25FCC0AC00AB2F24 /* UITextField+Extensions.swift in Sources */ = {isa = PBXBuildFile; fileRef = A940543C25FCC0AC00AB2F24 /* UITextField+Extensions.swift */; };
		A941632D2603E47C00A7F7A9 /* ScreenAssembly+Menu.swift in Sources */ = {isa = PBXBuildFile; fileRef = A941632C2603E47C00A7F7A9 /* ScreenAssembly+Menu.swift */; };
		A94163332603E48400A7F7A9 /* MenuCoordinator.swift in Sources */ = {isa = PBXBuildFile; fileRef = A94163312603E48400A7F7A9 /* MenuCoordinator.swift */; };
		A94163342603E48400A7F7A9 /* MainTabbarCoordinator.swift in Sources */ = {isa = PBXBuildFile; fileRef = A94163322603E48400A7F7A9 /* MainTabbarCoordinator.swift */; };
		A941633A2603E4AC00A7F7A9 /* MenuScreenViewController.swift in Sources */ = {isa = PBXBuildFile; fileRef = A94163372603E4AC00A7F7A9 /* MenuScreenViewController.swift */; };
		A941633B2603E4AC00A7F7A9 /* MenuScreenViewModel.swift in Sources */ = {isa = PBXBuildFile; fileRef = A94163382603E4AC00A7F7A9 /* MenuScreenViewModel.swift */; };
		A941633C2603E4AC00A7F7A9 /* MenuScreen.storyboard in Resources */ = {isa = PBXBuildFile; fileRef = A94163392603E4AC00A7F7A9 /* MenuScreen.storyboard */; };
		A943CBB325FD346B00714021 /* Loader.swift in Sources */ = {isa = PBXBuildFile; fileRef = A943CBB225FD346B00714021 /* Loader.swift */; };
		A943CBD425FD355200714021 /* UIView+Extensions.swift in Sources */ = {isa = PBXBuildFile; fileRef = A943CBD325FD355200714021 /* UIView+Extensions.swift */; };
		A949235C2604003A0062DB96 /* IChameTabbarController.swift in Sources */ = {isa = PBXBuildFile; fileRef = A949235B2604003A0062DB96 /* IChameTabbarController.swift */; };
		A957D8CB26069FD20024AD4E /* Bucket.swift in Sources */ = {isa = PBXBuildFile; fileRef = A957D8CA26069FD20024AD4E /* Bucket.swift */; };
		A957D8CE26069FFF0024AD4E /* BucketService.swift in Sources */ = {isa = PBXBuildFile; fileRef = A957D8CD26069FFF0024AD4E /* BucketService.swift */; };
		A95D1677260F421A007E69F2 /* Double + Extensions.swift in Sources */ = {isa = PBXBuildFile; fileRef = A95D1676260F421A007E69F2 /* Double + Extensions.swift */; };
		A95D1695260F48B7007E69F2 /* UITableView+Extensions.swift in Sources */ = {isa = PBXBuildFile; fileRef = A95D1694260F48B7007E69F2 /* UITableView+Extensions.swift */; };
		A95D169A260F84BA007E69F2 /* MoreScreenTableViewCell.swift in Sources */ = {isa = PBXBuildFile; fileRef = A95D1698260F84BA007E69F2 /* MoreScreenTableViewCell.swift */; };
		A95D169B260F84BA007E69F2 /* MoreScreenTableViewCell.xib in Resources */ = {isa = PBXBuildFile; fileRef = A95D1699260F84BA007E69F2 /* MoreScreenTableViewCell.xib */; };
		A95D16D1260F880A007E69F2 /* MoreScreenHeaderView.swift in Sources */ = {isa = PBXBuildFile; fileRef = A95D16CF260F880A007E69F2 /* MoreScreenHeaderView.swift */; };
		A95D16D2260F880A007E69F2 /* MoreScreenHeaderView.xib in Resources */ = {isa = PBXBuildFile; fileRef = A95D16D0260F880A007E69F2 /* MoreScreenHeaderView.xib */; };
		A95D16D7260F8DD3007E69F2 /* More.swift in Sources */ = {isa = PBXBuildFile; fileRef = A95D16D6260F8DD3007E69F2 /* More.swift */; };
		A95D16DA260F8F85007E69F2 /* MoreScreenService.swift in Sources */ = {isa = PBXBuildFile; fileRef = A95D16D9260F8F85007E69F2 /* MoreScreenService.swift */; };
		A987184525FA869400A980E2 /* ScreensAssembly.swift in Sources */ = {isa = PBXBuildFile; fileRef = A987184425FA869400A980E2 /* ScreensAssembly.swift */; };
		A987184925FA875E00A980E2 /* ScreenAssembly+Authorization.swift in Sources */ = {isa = PBXBuildFile; fileRef = A987184825FA875E00A980E2 /* ScreenAssembly+Authorization.swift */; };
		A987184D25FA89E700A980E2 /* UIViewController+Extensions.swift in Sources */ = {isa = PBXBuildFile; fileRef = A987184C25FA89E700A980E2 /* UIViewController+Extensions.swift */; };
		A987186D25FA961F00A980E2 /* AuthorizationScreenViewController.swift in Sources */ = {isa = PBXBuildFile; fileRef = A987186B25FA961F00A980E2 /* AuthorizationScreenViewController.swift */; };
		A987187225FA968600A980E2 /* AuthCoordinator.swift in Sources */ = {isa = PBXBuildFile; fileRef = A987187125FA968600A980E2 /* AuthCoordinator.swift */; };
		A987187525FA98F300A980E2 /* AuthorizationScreenViewModel.swift in Sources */ = {isa = PBXBuildFile; fileRef = A987187425FA98F300A980E2 /* AuthorizationScreenViewModel.swift */; };
		A987188B25FA9F4200A980E2 /* AuthorizationScreen.storyboard in Resources */ = {isa = PBXBuildFile; fileRef = A987188A25FA9F4200A980E2 /* AuthorizationScreen.storyboard */; };
		A994E67425FE511B004BFBE6 /* ScannerScreen.storyboard in Resources */ = {isa = PBXBuildFile; fileRef = A994E67325FE511B004BFBE6 /* ScannerScreen.storyboard */; };
		A994E67725FE512C004BFBE6 /* ScannerScreenViewController.swift in Sources */ = {isa = PBXBuildFile; fileRef = A994E67625FE512C004BFBE6 /* ScannerScreenViewController.swift */; };
		A994E67A25FE513A004BFBE6 /* ScannerScreenViewModel.swift in Sources */ = {isa = PBXBuildFile; fileRef = A994E67925FE513A004BFBE6 /* ScannerScreenViewModel.swift */; };
		A9C629F725F8C83900B32D2A /* SplashScreen.storyboard in Resources */ = {isa = PBXBuildFile; fileRef = A9C629F625F8C83900B32D2A /* SplashScreen.storyboard */; };
		A9C629FA25F8C84900B32D2A /* SplashScreenViewController.swift in Sources */ = {isa = PBXBuildFile; fileRef = A9C629F925F8C84900B32D2A /* SplashScreenViewController.swift */; };
		A9C629FD25F8C85700B32D2A /* SplashScreenViewModel.swift in Sources */ = {isa = PBXBuildFile; fileRef = A9C629FC25F8C85700B32D2A /* SplashScreenViewModel.swift */; };
		A9C62A0225F8C9FB00B32D2A /* MainCoordinator.swift in Sources */ = {isa = PBXBuildFile; fileRef = A9C62A0125F8C9FB00B32D2A /* MainCoordinator.swift */; };
		A9C988E026015577005BECDF /* MenuService.swift in Sources */ = {isa = PBXBuildFile; fileRef = A9C988DF26015577005BECDF /* MenuService.swift */; };
		A9C988E7260156B9005BECDF /* Menu.swift in Sources */ = {isa = PBXBuildFile; fileRef = A9C988E6260156B9005BECDF /* Menu.swift */; };
		A9CB8AF925FD675900AA293C /* User.swift in Sources */ = {isa = PBXBuildFile; fileRef = A9CB8AF825FD675900AA293C /* User.swift */; };
		A9CEE4BD260531DE005298D0 /* MenuDetailsScreen.storyboard in Resources */ = {isa = PBXBuildFile; fileRef = A9CEE4BC260531DE005298D0 /* MenuDetailsScreen.storyboard */; };
		A9CEE4C0260531FE005298D0 /* MenuDetailsScreenViewController.swift in Sources */ = {isa = PBXBuildFile; fileRef = A9CEE4BF260531FE005298D0 /* MenuDetailsScreenViewController.swift */; };
		A9CEE4C326053210005298D0 /* MenuDetailsScreenViewModel.swift in Sources */ = {isa = PBXBuildFile; fileRef = A9CEE4C226053210005298D0 /* MenuDetailsScreenViewModel.swift */; };
		A9CEE4CA26053C3B005298D0 /* MenuDetailsTableViewCell.swift in Sources */ = {isa = PBXBuildFile; fileRef = A9CEE4C826053C3B005298D0 /* MenuDetailsTableViewCell.swift */; };
		A9CEE4CB26053C3B005298D0 /* MenuDetailsTableViewCell.xib in Resources */ = {isa = PBXBuildFile; fileRef = A9CEE4C926053C3B005298D0 /* MenuDetailsTableViewCell.xib */; };
		A9E729AC25F7FDF30056B225 /* HelveticaNeueLTGEO-65Medium.otf in Resources */ = {isa = PBXBuildFile; fileRef = A9E729A925F7FDF30056B225 /* HelveticaNeueLTGEO-65Medium.otf */; };
		A9E729AD25F7FDF30056B225 /* HelveticaNeueLTGEO-75Bold.otf in Resources */ = {isa = PBXBuildFile; fileRef = A9E729AA25F7FDF30056B225 /* HelveticaNeueLTGEO-75Bold.otf */; };
		A9E729AE25F7FDF30056B225 /* HelveticaNeueLTGEO-55Roman.otf in Resources */ = {isa = PBXBuildFile; fileRef = A9E729AB25F7FDF30056B225 /* HelveticaNeueLTGEO-55Roman.otf */; };
/* End PBXBuildFile section */

/* Begin PBXFileReference section */
		6D26FA843F1B72614A8DBF10 /* Pods-IChame.release.xcconfig */ = {isa = PBXFileReference; includeInIndex = 1; lastKnownFileType = text.xcconfig; name = "Pods-IChame.release.xcconfig"; path = "Target Support Files/Pods-IChame/Pods-IChame.release.xcconfig"; sourceTree = "<group>"; };
		9870064A581430DE698BD6CF /* Pods_IChame.framework */ = {isa = PBXFileReference; explicitFileType = wrapper.framework; includeInIndex = 0; path = Pods_IChame.framework; sourceTree = BUILT_PRODUCTS_DIR; };
		A90D720825F7FBE100BA697A /* IChame.app */ = {isa = PBXFileReference; explicitFileType = wrapper.application; includeInIndex = 0; path = IChame.app; sourceTree = BUILT_PRODUCTS_DIR; };
		A90D720B25F7FBE100BA697A /* AppDelegate.swift */ = {isa = PBXFileReference; lastKnownFileType = sourcecode.swift; path = AppDelegate.swift; sourceTree = "<group>"; };
		A90D720D25F7FBE100BA697A /* SceneDelegate.swift */ = {isa = PBXFileReference; lastKnownFileType = sourcecode.swift; path = SceneDelegate.swift; sourceTree = "<group>"; };
		A90D721425F7FBE200BA697A /* Assets.xcassets */ = {isa = PBXFileReference; lastKnownFileType = folder.assetcatalog; path = Assets.xcassets; sourceTree = "<group>"; };
		A90D721925F7FBE200BA697A /* Info.plist */ = {isa = PBXFileReference; lastKnownFileType = text.plist.xml; path = Info.plist; sourceTree = "<group>"; };
		A91FB32025FAC57E00F541FB /* RegistrationScreen.storyboard */ = {isa = PBXFileReference; lastKnownFileType = file.storyboard; path = RegistrationScreen.storyboard; sourceTree = "<group>"; };
		A91FB32325FAC59100F541FB /* RegistrationScreenViewController.swift */ = {isa = PBXFileReference; lastKnownFileType = sourcecode.swift; path = RegistrationScreenViewController.swift; sourceTree = "<group>"; };
		A91FB32625FAC5A100F541FB /* RegistrationScreenViewModel.swift */ = {isa = PBXFileReference; lastKnownFileType = sourcecode.swift; path = RegistrationScreenViewModel.swift; sourceTree = "<group>"; };
		A9294DCD2603F40400602CDF /* BucketScreenViewModel.swift */ = {isa = PBXFileReference; lastKnownFileType = sourcecode.swift; path = BucketScreenViewModel.swift; sourceTree = "<group>"; };
		A9294DD12603F41000602CDF /* BucketScreenViewController.swift */ = {isa = PBXFileReference; lastKnownFileType = sourcecode.swift; path = BucketScreenViewController.swift; sourceTree = "<group>"; };
		A9294DD42603F41900602CDF /* BucketScreen.storyboard */ = {isa = PBXFileReference; lastKnownFileType = file.storyboard; path = BucketScreen.storyboard; sourceTree = "<group>"; };
		A9294DD82603F44800602CDF /* MoreScreen.storyboard */ = {isa = PBXFileReference; lastKnownFileType = file.storyboard; path = MoreScreen.storyboard; sourceTree = "<group>"; };
		A9294DDB2603F45400602CDF /* MoreScreenViewController.swift */ = {isa = PBXFileReference; lastKnownFileType = sourcecode.swift; path = MoreScreenViewController.swift; sourceTree = "<group>"; };
		A9294DDE2603F45E00602CDF /* MoreScreenViewModel.swift */ = {isa = PBXFileReference; lastKnownFileType = sourcecode.swift; path = MoreScreenViewModel.swift; sourceTree = "<group>"; };
		A9294DE22603F4C800602CDF /* BucketCoordinator.swift */ = {isa = PBXFileReference; lastKnownFileType = sourcecode.swift; path = BucketCoordinator.swift; sourceTree = "<group>"; };
		A9294DE52603F4E200602CDF /* MoreCoordinator.swift */ = {isa = PBXFileReference; lastKnownFileType = sourcecode.swift; path = MoreCoordinator.swift; sourceTree = "<group>"; };
		A9294DE82603F7D900602CDF /* ScreenAssembly+Bucket.swift */ = {isa = PBXFileReference; lastKnownFileType = sourcecode.swift; path = "ScreenAssembly+Bucket.swift"; sourceTree = "<group>"; };
		A9294DEC2603F7ED00602CDF /* ScreenAssembly+MoreScreen.swift */ = {isa = PBXFileReference; lastKnownFileType = sourcecode.swift; path = "ScreenAssembly+MoreScreen.swift"; sourceTree = "<group>"; };
		A92AE6AC25F8033600D1D00A /* GoogleService-Info.plist */ = {isa = PBXFileReference; fileEncoding = 4; lastKnownFileType = text.plist.xml; path = "GoogleService-Info.plist"; sourceTree = "<group>"; };
		A93490E42604C1E600CC3750 /* MenuScreenCell.swift */ = {isa = PBXFileReference; lastKnownFileType = sourcecode.swift; path = MenuScreenCell.swift; sourceTree = "<group>"; };
		A93490E52604C1E600CC3750 /* MenuScreenCell.xib */ = {isa = PBXFileReference; lastKnownFileType = file.xib; path = MenuScreenCell.xib; sourceTree = "<group>"; };
		A937603925FAB30300F5E645 /* Animation+Extensions.swift */ = {isa = PBXFileReference; lastKnownFileType = sourcecode.swift; path = "Animation+Extensions.swift"; sourceTree = "<group>"; };
		A937603E25FAB33E00F5E645 /* Constants.swift */ = {isa = PBXFileReference; lastKnownFileType = sourcecode.swift; path = Constants.swift; sourceTree = "<group>"; };
		A940540825FCB10D00AB2F24 /* UserService.swift */ = {isa = PBXFileReference; lastKnownFileType = sourcecode.swift; path = UserService.swift; sourceTree = "<group>"; };
		A940543C25FCC0AC00AB2F24 /* UITextField+Extensions.swift */ = {isa = PBXFileReference; lastKnownFileType = sourcecode.swift; path = "UITextField+Extensions.swift"; sourceTree = "<group>"; };
		A941632C2603E47C00A7F7A9 /* ScreenAssembly+Menu.swift */ = {isa = PBXFileReference; fileEncoding = 4; lastKnownFileType = sourcecode.swift; path = "ScreenAssembly+Menu.swift"; sourceTree = "<group>"; };
		A94163312603E48400A7F7A9 /* MenuCoordinator.swift */ = {isa = PBXFileReference; fileEncoding = 4; lastKnownFileType = sourcecode.swift; path = MenuCoordinator.swift; sourceTree = "<group>"; };
		A94163322603E48400A7F7A9 /* MainTabbarCoordinator.swift */ = {isa = PBXFileReference; fileEncoding = 4; lastKnownFileType = sourcecode.swift; path = MainTabbarCoordinator.swift; sourceTree = "<group>"; };
		A94163372603E4AC00A7F7A9 /* MenuScreenViewController.swift */ = {isa = PBXFileReference; fileEncoding = 4; lastKnownFileType = sourcecode.swift; path = MenuScreenViewController.swift; sourceTree = "<group>"; };
		A94163382603E4AC00A7F7A9 /* MenuScreenViewModel.swift */ = {isa = PBXFileReference; fileEncoding = 4; lastKnownFileType = sourcecode.swift; path = MenuScreenViewModel.swift; sourceTree = "<group>"; };
		A94163392603E4AC00A7F7A9 /* MenuScreen.storyboard */ = {isa = PBXFileReference; fileEncoding = 4; lastKnownFileType = file.storyboard; path = MenuScreen.storyboard; sourceTree = "<group>"; };
		A943CBB225FD346B00714021 /* Loader.swift */ = {isa = PBXFileReference; lastKnownFileType = sourcecode.swift; path = Loader.swift; sourceTree = "<group>"; };
		A943CBD325FD355200714021 /* UIView+Extensions.swift */ = {isa = PBXFileReference; lastKnownFileType = sourcecode.swift; path = "UIView+Extensions.swift"; sourceTree = "<group>"; };
		A949235B2604003A0062DB96 /* IChameTabbarController.swift */ = {isa = PBXFileReference; lastKnownFileType = sourcecode.swift; path = IChameTabbarController.swift; sourceTree = "<group>"; };
		A957D8CA26069FD20024AD4E /* Bucket.swift */ = {isa = PBXFileReference; lastKnownFileType = sourcecode.swift; path = Bucket.swift; sourceTree = "<group>"; };
		A957D8CD26069FFF0024AD4E /* BucketService.swift */ = {isa = PBXFileReference; lastKnownFileType = sourcecode.swift; path = BucketService.swift; sourceTree = "<group>"; };
		A95D1676260F421A007E69F2 /* Double + Extensions.swift */ = {isa = PBXFileReference; lastKnownFileType = sourcecode.swift; path = "Double + Extensions.swift"; sourceTree = "<group>"; };
		A95D1694260F48B7007E69F2 /* UITableView+Extensions.swift */ = {isa = PBXFileReference; lastKnownFileType = sourcecode.swift; path = "UITableView+Extensions.swift"; sourceTree = "<group>"; };
		A95D1698260F84BA007E69F2 /* MoreScreenTableViewCell.swift */ = {isa = PBXFileReference; lastKnownFileType = sourcecode.swift; path = MoreScreenTableViewCell.swift; sourceTree = "<group>"; };
		A95D1699260F84BA007E69F2 /* MoreScreenTableViewCell.xib */ = {isa = PBXFileReference; lastKnownFileType = file.xib; path = MoreScreenTableViewCell.xib; sourceTree = "<group>"; };
		A95D16CF260F880A007E69F2 /* MoreScreenHeaderView.swift */ = {isa = PBXFileReference; lastKnownFileType = sourcecode.swift; path = MoreScreenHeaderView.swift; sourceTree = "<group>"; };
		A95D16D0260F880A007E69F2 /* MoreScreenHeaderView.xib */ = {isa = PBXFileReference; lastKnownFileType = file.xib; path = MoreScreenHeaderView.xib; sourceTree = "<group>"; };
		A95D16D6260F8DD3007E69F2 /* More.swift */ = {isa = PBXFileReference; lastKnownFileType = sourcecode.swift; path = More.swift; sourceTree = "<group>"; };
		A95D16D9260F8F85007E69F2 /* MoreScreenService.swift */ = {isa = PBXFileReference; lastKnownFileType = sourcecode.swift; path = MoreScreenService.swift; sourceTree = "<group>"; };
		A987184425FA869400A980E2 /* ScreensAssembly.swift */ = {isa = PBXFileReference; lastKnownFileType = sourcecode.swift; path = ScreensAssembly.swift; sourceTree = "<group>"; };
		A987184825FA875E00A980E2 /* ScreenAssembly+Authorization.swift */ = {isa = PBXFileReference; lastKnownFileType = sourcecode.swift; path = "ScreenAssembly+Authorization.swift"; sourceTree = "<group>"; };
		A987184C25FA89E700A980E2 /* UIViewController+Extensions.swift */ = {isa = PBXFileReference; lastKnownFileType = sourcecode.swift; path = "UIViewController+Extensions.swift"; sourceTree = "<group>"; };
		A987186B25FA961F00A980E2 /* AuthorizationScreenViewController.swift */ = {isa = PBXFileReference; lastKnownFileType = sourcecode.swift; path = AuthorizationScreenViewController.swift; sourceTree = "<group>"; };
		A987187125FA968600A980E2 /* AuthCoordinator.swift */ = {isa = PBXFileReference; lastKnownFileType = sourcecode.swift; path = AuthCoordinator.swift; sourceTree = "<group>"; };
		A987187425FA98F300A980E2 /* AuthorizationScreenViewModel.swift */ = {isa = PBXFileReference; lastKnownFileType = sourcecode.swift; path = AuthorizationScreenViewModel.swift; sourceTree = "<group>"; };
		A987188A25FA9F4200A980E2 /* AuthorizationScreen.storyboard */ = {isa = PBXFileReference; lastKnownFileType = file.storyboard; path = AuthorizationScreen.storyboard; sourceTree = "<group>"; };
		A994E67325FE511B004BFBE6 /* ScannerScreen.storyboard */ = {isa = PBXFileReference; lastKnownFileType = file.storyboard; path = ScannerScreen.storyboard; sourceTree = "<group>"; };
		A994E67625FE512C004BFBE6 /* ScannerScreenViewController.swift */ = {isa = PBXFileReference; lastKnownFileType = sourcecode.swift; path = ScannerScreenViewController.swift; sourceTree = "<group>"; };
		A994E67925FE513A004BFBE6 /* ScannerScreenViewModel.swift */ = {isa = PBXFileReference; lastKnownFileType = sourcecode.swift; path = ScannerScreenViewModel.swift; sourceTree = "<group>"; };
		A9C629F625F8C83900B32D2A /* SplashScreen.storyboard */ = {isa = PBXFileReference; lastKnownFileType = file.storyboard; path = SplashScreen.storyboard; sourceTree = "<group>"; };
		A9C629F925F8C84900B32D2A /* SplashScreenViewController.swift */ = {isa = PBXFileReference; lastKnownFileType = sourcecode.swift; path = SplashScreenViewController.swift; sourceTree = "<group>"; };
		A9C629FC25F8C85700B32D2A /* SplashScreenViewModel.swift */ = {isa = PBXFileReference; lastKnownFileType = sourcecode.swift; path = SplashScreenViewModel.swift; sourceTree = "<group>"; };
		A9C62A0125F8C9FB00B32D2A /* MainCoordinator.swift */ = {isa = PBXFileReference; lastKnownFileType = sourcecode.swift; path = MainCoordinator.swift; sourceTree = "<group>"; };
		A9C988DF26015577005BECDF /* MenuService.swift */ = {isa = PBXFileReference; lastKnownFileType = sourcecode.swift; path = MenuService.swift; sourceTree = "<group>"; };
		A9C988E6260156B9005BECDF /* Menu.swift */ = {isa = PBXFileReference; lastKnownFileType = sourcecode.swift; path = Menu.swift; sourceTree = "<group>"; };
		A9CB8AF825FD675900AA293C /* User.swift */ = {isa = PBXFileReference; lastKnownFileType = sourcecode.swift; path = User.swift; sourceTree = "<group>"; };
		A9CEE4BC260531DE005298D0 /* MenuDetailsScreen.storyboard */ = {isa = PBXFileReference; lastKnownFileType = file.storyboard; path = MenuDetailsScreen.storyboard; sourceTree = "<group>"; };
		A9CEE4BF260531FE005298D0 /* MenuDetailsScreenViewController.swift */ = {isa = PBXFileReference; lastKnownFileType = sourcecode.swift; path = MenuDetailsScreenViewController.swift; sourceTree = "<group>"; };
		A9CEE4C226053210005298D0 /* MenuDetailsScreenViewModel.swift */ = {isa = PBXFileReference; lastKnownFileType = sourcecode.swift; path = MenuDetailsScreenViewModel.swift; sourceTree = "<group>"; };
		A9CEE4C826053C3B005298D0 /* MenuDetailsTableViewCell.swift */ = {isa = PBXFileReference; lastKnownFileType = sourcecode.swift; path = MenuDetailsTableViewCell.swift; sourceTree = "<group>"; };
		A9CEE4C926053C3B005298D0 /* MenuDetailsTableViewCell.xib */ = {isa = PBXFileReference; lastKnownFileType = file.xib; path = MenuDetailsTableViewCell.xib; sourceTree = "<group>"; };
		A9E729A925F7FDF30056B225 /* HelveticaNeueLTGEO-65Medium.otf */ = {isa = PBXFileReference; lastKnownFileType = file; path = "HelveticaNeueLTGEO-65Medium.otf"; sourceTree = "<group>"; };
		A9E729AA25F7FDF30056B225 /* HelveticaNeueLTGEO-75Bold.otf */ = {isa = PBXFileReference; lastKnownFileType = file; path = "HelveticaNeueLTGEO-75Bold.otf"; sourceTree = "<group>"; };
		A9E729AB25F7FDF30056B225 /* HelveticaNeueLTGEO-55Roman.otf */ = {isa = PBXFileReference; lastKnownFileType = file; path = "HelveticaNeueLTGEO-55Roman.otf"; sourceTree = "<group>"; };
		F78D1F27BC7182F8B6AF2B86 /* Pods-IChame.debug.xcconfig */ = {isa = PBXFileReference; includeInIndex = 1; lastKnownFileType = text.xcconfig; name = "Pods-IChame.debug.xcconfig"; path = "Target Support Files/Pods-IChame/Pods-IChame.debug.xcconfig"; sourceTree = "<group>"; };
/* End PBXFileReference section */

/* Begin PBXFrameworksBuildPhase section */
		A90D720525F7FBE100BA697A /* Frameworks */ = {
			isa = PBXFrameworksBuildPhase;
			buildActionMask = 2147483647;
			files = (
				28D644400C9359E38FC24D3B /* Pods_IChame.framework in Frameworks */,
			);
			runOnlyForDeploymentPostprocessing = 0;
		};
/* End PBXFrameworksBuildPhase section */

/* Begin PBXGroup section */
		A90D71FF25F7FBE100BA697A = {
			isa = PBXGroup;
			children = (
				A90D720A25F7FBE100BA697A /* IChame */,
				A90D720925F7FBE100BA697A /* Products */,
				D55E25BFCE3514C04D4A13C3 /* Pods */,
				E264600F95AF8FF1EF5DDC9C /* Frameworks */,
			);
			sourceTree = "<group>";
		};
		A90D720925F7FBE100BA697A /* Products */ = {
			isa = PBXGroup;
			children = (
				A90D720825F7FBE100BA697A /* IChame.app */,
			);
			name = Products;
			sourceTree = "<group>";
		};
		A90D720A25F7FBE100BA697A /* IChame */ = {
			isa = PBXGroup;
			children = (
				A9E729B125F7FE130056B225 /* Core */,
				A987184325FA867B00A980E2 /* ScreensAssembly */,
				A9C62A0025F8C9E400B32D2A /* Coordinators */,
				A940540525FCB0C600AB2F24 /* Services */,
				A92AE69125F7FEAD00D1D00A /* App Modules */,
				A9E729A725F7FDEA0056B225 /* Resources */,
			);
			path = IChame;
			sourceTree = "<group>";
		};
		A91FB31D25FAC52700F541FB /* AuthModules */ = {
			isa = PBXGroup;
			children = (
				A9C629F525F8C7F200B32D2A /* SplashScreen */,
				A91FB31F25FAC55600F541FB /* Registration */,
				A92AE69825F8013F00D1D00A /* Authorization */,
				A994E67225FE50E4004BFBE6 /* ScannerScreen */,
			);
			path = AuthModules;
			sourceTree = "<group>";
		};
		A91FB31F25FAC55600F541FB /* Registration */ = {
			isa = PBXGroup;
			children = (
				A91FB32025FAC57E00F541FB /* RegistrationScreen.storyboard */,
				A91FB32325FAC59100F541FB /* RegistrationScreenViewController.swift */,
				A91FB32625FAC5A100F541FB /* RegistrationScreenViewModel.swift */,
			);
			path = Registration;
			sourceTree = "<group>";
		};
		A9294DC62603F34500602CDF /* MenuScreen */ = {
			isa = PBXGroup;
			children = (
				A930A9572604BEB700C971D6 /* MenuScreenCell */,
				A94163392603E4AC00A7F7A9 /* MenuScreen.storyboard */,
				A94163372603E4AC00A7F7A9 /* MenuScreenViewController.swift */,
				A94163382603E4AC00A7F7A9 /* MenuScreenViewModel.swift */,
			);
			path = MenuScreen;
			sourceTree = "<group>";
		};
		A9294DC92603F3A400602CDF /* Bucket */ = {
			isa = PBXGroup;
			children = (
				A9294DCB2603F3EF00602CDF /* BucketScreen */,
			);
			path = Bucket;
			sourceTree = "<group>";
		};
		A9294DCA2603F3BE00602CDF /* MoreScreen */ = {
			isa = PBXGroup;
			children = (
				A95D16CD260F87D5007E69F2 /* MoreScreenHeaderView */,
				A95D1697260F8475007E69F2 /* MoreScreenTableViewCell */,
				A9294DD82603F44800602CDF /* MoreScreen.storyboard */,
				A9294DDB2603F45400602CDF /* MoreScreenViewController.swift */,
				A9294DDE2603F45E00602CDF /* MoreScreenViewModel.swift */,
			);
			path = MoreScreen;
			sourceTree = "<group>";
		};
		A9294DCB2603F3EF00602CDF /* BucketScreen */ = {
			isa = PBXGroup;
			children = (
				A9294DD42603F41900602CDF /* BucketScreen.storyboard */,
				A9294DD12603F41000602CDF /* BucketScreenViewController.swift */,
				A9294DCD2603F40400602CDF /* BucketScreenViewModel.swift */,
			);
			path = BucketScreen;
			sourceTree = "<group>";
		};
		A92AE69125F7FEAD00D1D00A /* App Modules */ = {
			isa = PBXGroup;
			children = (
				A91FB31D25FAC52700F541FB /* AuthModules */,
				A94163362603E4AC00A7F7A9 /* Menu */,
				A9294DC92603F3A400602CDF /* Bucket */,
				A9294DCA2603F3BE00602CDF /* MoreScreen */,
			);
			path = "App Modules";
			sourceTree = "<group>";
		};
		A92AE69825F8013F00D1D00A /* Authorization */ = {
			isa = PBXGroup;
			children = (
				A987188A25FA9F4200A980E2 /* AuthorizationScreen.storyboard */,
				A987186B25FA961F00A980E2 /* AuthorizationScreenViewController.swift */,
				A987187425FA98F300A980E2 /* AuthorizationScreenViewModel.swift */,
			);
			path = Authorization;
			sourceTree = "<group>";
		};
		A930A9572604BEB700C971D6 /* MenuScreenCell */ = {
			isa = PBXGroup;
			children = (
				A93490E42604C1E600CC3750 /* MenuScreenCell.swift */,
				A93490E52604C1E600CC3750 /* MenuScreenCell.xib */,
			);
			path = MenuScreenCell;
			sourceTree = "<group>";
		};
		A937603825FAB2EF00F5E645 /* Extensions */ = {
			isa = PBXGroup;
			children = (
				A987184C25FA89E700A980E2 /* UIViewController+Extensions.swift */,
				A937603925FAB30300F5E645 /* Animation+Extensions.swift */,
				A940543C25FCC0AC00AB2F24 /* UITextField+Extensions.swift */,
				A943CBD325FD355200714021 /* UIView+Extensions.swift */,
				A95D1676260F421A007E69F2 /* Double + Extensions.swift */,
				A95D1694260F48B7007E69F2 /* UITableView+Extensions.swift */,
			);
			path = Extensions;
			sourceTree = "<group>";
		};
		A937603D25FAB32B00F5E645 /* Constants */ = {
			isa = PBXGroup;
			children = (
				A937603E25FAB33E00F5E645 /* Constants.swift */,
			);
			path = Constants;
			sourceTree = "<group>";
		};
		A940540525FCB0C600AB2F24 /* Services */ = {
			isa = PBXGroup;
			children = (
				A95D16D5260F8DC7007E69F2 /* MoreScreen */,
				A957D8C926069FC20024AD4E /* Bucket */,
				A9C988E32601567F005BECDF /* Menu */,
				A940540625FCB0E200AB2F24 /* Authentication */,
			);
			path = Services;
			sourceTree = "<group>";
		};
		A940540625FCB0E200AB2F24 /* Authentication */ = {
			isa = PBXGroup;
			children = (
				A9CB8AF725FD674B00AA293C /* User */,
			);
			path = Authentication;
			sourceTree = "<group>";
		};
		A941632F2603E48400A7F7A9 /* Dashboard */ = {
			isa = PBXGroup;
			children = (
				A94163322603E48400A7F7A9 /* MainTabbarCoordinator.swift */,
				A94163302603E48400A7F7A9 /* Tabs */,
			);
			path = Dashboard;
			sourceTree = "<group>";
		};
		A94163302603E48400A7F7A9 /* Tabs */ = {
			isa = PBXGroup;
			children = (
				A94163312603E48400A7F7A9 /* MenuCoordinator.swift */,
				A9294DE22603F4C800602CDF /* BucketCoordinator.swift */,
				A9294DE52603F4E200602CDF /* MoreCoordinator.swift */,
			);
			path = Tabs;
			sourceTree = "<group>";
		};
		A94163362603E4AC00A7F7A9 /* Menu */ = {
			isa = PBXGroup;
			children = (
				A9294DC62603F34500602CDF /* MenuScreen */,
				A9CEE4B7260531A2005298D0 /* MenuDetailsScreen */,
			);
			path = Menu;
			sourceTree = "<group>";
		};
		A957D8C926069FC20024AD4E /* Bucket */ = {
			isa = PBXGroup;
			children = (
				A957D8CA26069FD20024AD4E /* Bucket.swift */,
				A957D8CD26069FFF0024AD4E /* BucketService.swift */,
			);
			path = Bucket;
			sourceTree = "<group>";
		};
		A95D1697260F8475007E69F2 /* MoreScreenTableViewCell */ = {
			isa = PBXGroup;
			children = (
				A95D1698260F84BA007E69F2 /* MoreScreenTableViewCell.swift */,
				A95D1699260F84BA007E69F2 /* MoreScreenTableViewCell.xib */,
			);
			path = MoreScreenTableViewCell;
			sourceTree = "<group>";
		};
		A95D16CD260F87D5007E69F2 /* MoreScreenHeaderView */ = {
			isa = PBXGroup;
			children = (
				A95D16CF260F880A007E69F2 /* MoreScreenHeaderView.swift */,
				A95D16D0260F880A007E69F2 /* MoreScreenHeaderView.xib */,
			);
			path = MoreScreenHeaderView;
			sourceTree = "<group>";
		};
		A95D16D5260F8DC7007E69F2 /* MoreScreen */ = {
			isa = PBXGroup;
			children = (
				A95D16D6260F8DD3007E69F2 /* More.swift */,
				A95D16D9260F8F85007E69F2 /* MoreScreenService.swift */,
			);
			path = MoreScreen;
			sourceTree = "<group>";
		};
		A987184325FA867B00A980E2 /* ScreensAssembly */ = {
			isa = PBXGroup;
			children = (
				A987184425FA869400A980E2 /* ScreensAssembly.swift */,
				A987184825FA875E00A980E2 /* ScreenAssembly+Authorization.swift */,
				A941632C2603E47C00A7F7A9 /* ScreenAssembly+Menu.swift */,
				A9294DE82603F7D900602CDF /* ScreenAssembly+Bucket.swift */,
				A9294DEC2603F7ED00602CDF /* ScreenAssembly+MoreScreen.swift */,
			);
			path = ScreensAssembly;
			sourceTree = "<group>";
		};
		A994E67225FE50E4004BFBE6 /* ScannerScreen */ = {
			isa = PBXGroup;
			children = (
				A994E67325FE511B004BFBE6 /* ScannerScreen.storyboard */,
				A994E67625FE512C004BFBE6 /* ScannerScreenViewController.swift */,
				A994E67925FE513A004BFBE6 /* ScannerScreenViewModel.swift */,
			);
			path = ScannerScreen;
			sourceTree = "<group>";
		};
		A9C629F525F8C7F200B32D2A /* SplashScreen */ = {
			isa = PBXGroup;
			children = (
				A9C629F625F8C83900B32D2A /* SplashScreen.storyboard */,
				A9C629F925F8C84900B32D2A /* SplashScreenViewController.swift */,
				A9C629FC25F8C85700B32D2A /* SplashScreenViewModel.swift */,
			);
			path = SplashScreen;
			sourceTree = "<group>";
		};
		A9C62A0025F8C9E400B32D2A /* Coordinators */ = {
			isa = PBXGroup;
			children = (
				A9C62A0125F8C9FB00B32D2A /* MainCoordinator.swift */,
				A987187125FA968600A980E2 /* AuthCoordinator.swift */,
				A941632F2603E48400A7F7A9 /* Dashboard */,
			);
			path = Coordinators;
			sourceTree = "<group>";
		};
		A9C988E32601567F005BECDF /* Menu */ = {
			isa = PBXGroup;
			children = (
				A9C988E6260156B9005BECDF /* Menu.swift */,
				A9C988DF26015577005BECDF /* MenuService.swift */,
			);
			path = Menu;
			sourceTree = "<group>";
		};
		A9CB8AF725FD674B00AA293C /* User */ = {
			isa = PBXGroup;
			children = (
				A9CB8AF825FD675900AA293C /* User.swift */,
				A940540825FCB10D00AB2F24 /* UserService.swift */,
			);
			path = User;
			sourceTree = "<group>";
		};
		A9CEE4B7260531A2005298D0 /* MenuDetailsScreen */ = {
			isa = PBXGroup;
			children = (
				A9CEE4C726053C12005298D0 /* MenuDetailsCell */,
				A9CEE4BC260531DE005298D0 /* MenuDetailsScreen.storyboard */,
				A9CEE4BF260531FE005298D0 /* MenuDetailsScreenViewController.swift */,
				A9CEE4C226053210005298D0 /* MenuDetailsScreenViewModel.swift */,
			);
			path = MenuDetailsScreen;
			sourceTree = "<group>";
		};
		A9CEE4C726053C12005298D0 /* MenuDetailsCell */ = {
			isa = PBXGroup;
			children = (
				A9CEE4C826053C3B005298D0 /* MenuDetailsTableViewCell.swift */,
				A9CEE4C926053C3B005298D0 /* MenuDetailsTableViewCell.xib */,
			);
			path = MenuDetailsCell;
			sourceTree = "<group>";
		};
		A9E729A725F7FDEA0056B225 /* Resources */ = {
			isa = PBXGroup;
			children = (
				A9E729B025F7FDFE0056B225 /* Supporting Files */,
				A90D721425F7FBE200BA697A /* Assets.xcassets */,
				A9E729A825F7FDF30056B225 /* Fonts */,
			);
			path = Resources;
			sourceTree = "<group>";
		};
		A9E729A825F7FDF30056B225 /* Fonts */ = {
			isa = PBXGroup;
			children = (
				A9E729A925F7FDF30056B225 /* HelveticaNeueLTGEO-65Medium.otf */,
				A9E729AA25F7FDF30056B225 /* HelveticaNeueLTGEO-75Bold.otf */,
				A9E729AB25F7FDF30056B225 /* HelveticaNeueLTGEO-55Roman.otf */,
			);
			path = Fonts;
			sourceTree = "<group>";
		};
		A9E729B025F7FDFE0056B225 /* Supporting Files */ = {
			isa = PBXGroup;
			children = (
				A90D721925F7FBE200BA697A /* Info.plist */,
				A92AE6AC25F8033600D1D00A /* GoogleService-Info.plist */,
			);
			path = "Supporting Files";
			sourceTree = "<group>";
		};
		A9E729B125F7FE130056B225 /* Core */ = {
			isa = PBXGroup;
			children = (
				A9FF1BEC25FD596600CB1B7E /* Components */,
				A937603D25FAB32B00F5E645 /* Constants */,
				A937603825FAB2EF00F5E645 /* Extensions */,
				A9E729B225F7FE1D0056B225 /* App */,
				A949235B2604003A0062DB96 /* IChameTabbarController.swift */,
			);
			path = Core;
			sourceTree = "<group>";
		};
		A9E729B225F7FE1D0056B225 /* App */ = {
			isa = PBXGroup;
			children = (
				A90D720B25F7FBE100BA697A /* AppDelegate.swift */,
				A90D720D25F7FBE100BA697A /* SceneDelegate.swift */,
			);
			path = App;
			sourceTree = "<group>";
		};
		A9FF1BEC25FD596600CB1B7E /* Components */ = {
			isa = PBXGroup;
			children = (
				A943CBB225FD346B00714021 /* Loader.swift */,
			);
			path = Components;
			sourceTree = "<group>";
		};
		D55E25BFCE3514C04D4A13C3 /* Pods */ = {
			isa = PBXGroup;
			children = (
				F78D1F27BC7182F8B6AF2B86 /* Pods-IChame.debug.xcconfig */,
				6D26FA843F1B72614A8DBF10 /* Pods-IChame.release.xcconfig */,
			);
			path = Pods;
			sourceTree = "<group>";
		};
		E264600F95AF8FF1EF5DDC9C /* Frameworks */ = {
			isa = PBXGroup;
			children = (
				9870064A581430DE698BD6CF /* Pods_IChame.framework */,
			);
			name = Frameworks;
			sourceTree = "<group>";
		};
/* End PBXGroup section */

/* Begin PBXNativeTarget section */
		A90D720725F7FBE100BA697A /* IChame */ = {
			isa = PBXNativeTarget;
			buildConfigurationList = A90D721C25F7FBE200BA697A /* Build configuration list for PBXNativeTarget "IChame" */;
			buildPhases = (
				8FC3DD473F1AE81C53877EFF /* [CP] Check Pods Manifest.lock */,
				A90D720425F7FBE100BA697A /* Sources */,
				A90D720525F7FBE100BA697A /* Frameworks */,
				A90D720625F7FBE100BA697A /* Resources */,
				68D2BCC7A0739AA157219324 /* [CP] Embed Pods Frameworks */,
			);
			buildRules = (
			);
			dependencies = (
			);
			name = IChame;
			productName = IChame;
			productReference = A90D720825F7FBE100BA697A /* IChame.app */;
			productType = "com.apple.product-type.application";
		};
/* End PBXNativeTarget section */

/* Begin PBXProject section */
		A90D720025F7FBE100BA697A /* Project object */ = {
			isa = PBXProject;
			attributes = {
				LastSwiftUpdateCheck = 1240;
				LastUpgradeCheck = 1240;
				ORGANIZATIONNAME = "Rezo Joglidze";
				TargetAttributes = {
					A90D720725F7FBE100BA697A = {
						CreatedOnToolsVersion = 12.4;
					};
				};
			};
			buildConfigurationList = A90D720325F7FBE100BA697A /* Build configuration list for PBXProject "IChame" */;
			compatibilityVersion = "Xcode 9.3";
			developmentRegion = en;
			hasScannedForEncodings = 0;
			knownRegions = (
				en,
				Base,
				ka,
			);
			mainGroup = A90D71FF25F7FBE100BA697A;
			productRefGroup = A90D720925F7FBE100BA697A /* Products */;
			projectDirPath = "";
			projectRoot = "";
			targets = (
				A90D720725F7FBE100BA697A /* IChame */,
			);
		};
/* End PBXProject section */

/* Begin PBXResourcesBuildPhase section */
		A90D720625F7FBE100BA697A /* Resources */ = {
			isa = PBXResourcesBuildPhase;
			buildActionMask = 2147483647;
			files = (
				A994E67425FE511B004BFBE6 /* ScannerScreen.storyboard in Resources */,
				A9294DD52603F41900602CDF /* BucketScreen.storyboard in Resources */,
				A95D169B260F84BA007E69F2 /* MoreScreenTableViewCell.xib in Resources */,
				A9E729AC25F7FDF30056B225 /* HelveticaNeueLTGEO-65Medium.otf in Resources */,
				A9C629F725F8C83900B32D2A /* SplashScreen.storyboard in Resources */,
				A9E729AE25F7FDF30056B225 /* HelveticaNeueLTGEO-55Roman.otf in Resources */,
				A9E729AD25F7FDF30056B225 /* HelveticaNeueLTGEO-75Bold.otf in Resources */,
				A941633C2603E4AC00A7F7A9 /* MenuScreen.storyboard in Resources */,
				A90D721525F7FBE200BA697A /* Assets.xcassets in Resources */,
				A987188B25FA9F4200A980E2 /* AuthorizationScreen.storyboard in Resources */,
				A92AE6AD25F8033600D1D00A /* GoogleService-Info.plist in Resources */,
				A9CEE4CB26053C3B005298D0 /* MenuDetailsTableViewCell.xib in Resources */,
				A9CEE4BD260531DE005298D0 /* MenuDetailsScreen.storyboard in Resources */,
				A91FB32125FAC57E00F541FB /* RegistrationScreen.storyboard in Resources */,
				A9294DD92603F44800602CDF /* MoreScreen.storyboard in Resources */,
				A95D16D2260F880A007E69F2 /* MoreScreenHeaderView.xib in Resources */,
				A93490E72604C1E600CC3750 /* MenuScreenCell.xib in Resources */,
			);
			runOnlyForDeploymentPostprocessing = 0;
		};
/* End PBXResourcesBuildPhase section */

/* Begin PBXShellScriptBuildPhase section */
		68D2BCC7A0739AA157219324 /* [CP] Embed Pods Frameworks */ = {
			isa = PBXShellScriptBuildPhase;
			buildActionMask = 2147483647;
			files = (
			);
			inputFileListPaths = (
				"${PODS_ROOT}/Target Support Files/Pods-IChame/Pods-IChame-frameworks-${CONFIGURATION}-input-files.xcfilelist",
			);
			name = "[CP] Embed Pods Frameworks";
			outputFileListPaths = (
				"${PODS_ROOT}/Target Support Files/Pods-IChame/Pods-IChame-frameworks-${CONFIGURATION}-output-files.xcfilelist",
			);
			runOnlyForDeploymentPostprocessing = 0;
			shellPath = /bin/sh;
			shellScript = "\"${PODS_ROOT}/Target Support Files/Pods-IChame/Pods-IChame-frameworks.sh\"\n";
			showEnvVarsInLog = 0;
		};
		8FC3DD473F1AE81C53877EFF /* [CP] Check Pods Manifest.lock */ = {
			isa = PBXShellScriptBuildPhase;
			buildActionMask = 2147483647;
			files = (
			);
			inputFileListPaths = (
			);
			inputPaths = (
				"${PODS_PODFILE_DIR_PATH}/Podfile.lock",
				"${PODS_ROOT}/Manifest.lock",
			);
			name = "[CP] Check Pods Manifest.lock";
			outputFileListPaths = (
			);
			outputPaths = (
				"$(DERIVED_FILE_DIR)/Pods-IChame-checkManifestLockResult.txt",
			);
			runOnlyForDeploymentPostprocessing = 0;
			shellPath = /bin/sh;
			shellScript = "diff \"${PODS_PODFILE_DIR_PATH}/Podfile.lock\" \"${PODS_ROOT}/Manifest.lock\" > /dev/null\nif [ $? != 0 ] ; then\n    # print error to STDERR\n    echo \"error: The sandbox is not in sync with the Podfile.lock. Run 'pod install' or update your CocoaPods installation.\" >&2\n    exit 1\nfi\n# This output is used by Xcode 'outputs' to avoid re-running this script phase.\necho \"SUCCESS\" > \"${SCRIPT_OUTPUT_FILE_0}\"\n";
			showEnvVarsInLog = 0;
		};
/* End PBXShellScriptBuildPhase section */

/* Begin PBXSourcesBuildPhase section */
		A90D720425F7FBE100BA697A /* Sources */ = {
			isa = PBXSourcesBuildPhase;
			buildActionMask = 2147483647;
			files = (
				A937603A25FAB30300F5E645 /* Animation+Extensions.swift in Sources */,
				A987187225FA968600A980E2 /* AuthCoordinator.swift in Sources */,
				A9294DE62603F4E200602CDF /* MoreCoordinator.swift in Sources */,
				A9294DE92603F7D900602CDF /* ScreenAssembly+Bucket.swift in Sources */,
				A943CBD425FD355200714021 /* UIView+Extensions.swift in Sources */,
				A9C62A0225F8C9FB00B32D2A /* MainCoordinator.swift in Sources */,
				A9CEE4C326053210005298D0 /* MenuDetailsScreenViewModel.swift in Sources */,
				A941633B2603E4AC00A7F7A9 /* MenuScreenViewModel.swift in Sources */,
				A940543D25FCC0AC00AB2F24 /* UITextField+Extensions.swift in Sources */,
				A9C988E026015577005BECDF /* MenuService.swift in Sources */,
				A93490E62604C1E600CC3750 /* MenuScreenCell.swift in Sources */,
				A9CEE4C0260531FE005298D0 /* MenuDetailsScreenViewController.swift in Sources */,
				A95D16D1260F880A007E69F2 /* MoreScreenHeaderView.swift in Sources */,
				A90D720C25F7FBE100BA697A /* AppDelegate.swift in Sources */,
				A957D8CE26069FFF0024AD4E /* BucketService.swift in Sources */,
				A994E67725FE512C004BFBE6 /* ScannerScreenViewController.swift in Sources */,
				A95D16DA260F8F85007E69F2 /* MoreScreenService.swift in Sources */,
				A90D720E25F7FBE100BA697A /* SceneDelegate.swift in Sources */,
				A949235C2604003A0062DB96 /* IChameTabbarController.swift in Sources */,
				A987184D25FA89E700A980E2 /* UIViewController+Extensions.swift in Sources */,
				A9294DDC2603F45400602CDF /* MoreScreenViewController.swift in Sources */,
				A9CB8AF925FD675900AA293C /* User.swift in Sources */,
				A94163342603E48400A7F7A9 /* MainTabbarCoordinator.swift in Sources */,
				A943CBB325FD346B00714021 /* Loader.swift in Sources */,
				A941633A2603E4AC00A7F7A9 /* MenuScreenViewController.swift in Sources */,
				A9294DDF2603F45E00602CDF /* MoreScreenViewModel.swift in Sources */,
				A9CEE4CA26053C3B005298D0 /* MenuDetailsTableViewCell.swift in Sources */,
				A9C629FA25F8C84900B32D2A /* SplashScreenViewController.swift in Sources */,
				A91FB32425FAC59100F541FB /* RegistrationScreenViewController.swift in Sources */,
				A9294DD22603F41000602CDF /* BucketScreenViewController.swift in Sources */,
				A937603F25FAB33E00F5E645 /* Constants.swift in Sources */,
				A9294DCE2603F40400602CDF /* BucketScreenViewModel.swift in Sources */,
				A987184925FA875E00A980E2 /* ScreenAssembly+Authorization.swift in Sources */,
				A987187525FA98F300A980E2 /* AuthorizationScreenViewModel.swift in Sources */,
				A91FB32725FAC5A100F541FB /* RegistrationScreenViewModel.swift in Sources */,
				A9C988E7260156B9005BECDF /* Menu.swift in Sources */,
				A9294DE32603F4C800602CDF /* BucketCoordinator.swift in Sources */,
				A95D1695260F48B7007E69F2 /* UITableView+Extensions.swift in Sources */,
				A940540925FCB10D00AB2F24 /* UserService.swift in Sources */,
				A95D169A260F84BA007E69F2 /* MoreScreenTableViewCell.swift in Sources */,
				A987184525FA869400A980E2 /* ScreensAssembly.swift in Sources */,
				A94163332603E48400A7F7A9 /* MenuCoordinator.swift in Sources */,
				A941632D2603E47C00A7F7A9 /* ScreenAssembly+Menu.swift in Sources */,
				A95D1677260F421A007E69F2 /* Double + Extensions.swift in Sources */,
				A9294DED2603F7ED00602CDF /* ScreenAssembly+MoreScreen.swift in Sources */,
				A994E67A25FE513A004BFBE6 /* ScannerScreenViewModel.swift in Sources */,
				A987186D25FA961F00A980E2 /* AuthorizationScreenViewController.swift in Sources */,
				A95D16D7260F8DD3007E69F2 /* More.swift in Sources */,
				A9C629FD25F8C85700B32D2A /* SplashScreenViewModel.swift in Sources */,
				A957D8CB26069FD20024AD4E /* Bucket.swift in Sources */,
			);
			runOnlyForDeploymentPostprocessing = 0;
		};
/* End PBXSourcesBuildPhase section */

/* Begin XCBuildConfiguration section */
		A90D721A25F7FBE200BA697A /* Debug */ = {
			isa = XCBuildConfiguration;
			buildSettings = {
				ALWAYS_SEARCH_USER_PATHS = NO;
				CLANG_ANALYZER_NONNULL = YES;
				CLANG_ANALYZER_NUMBER_OBJECT_CONVERSION = YES_AGGRESSIVE;
				CLANG_CXX_LANGUAGE_STANDARD = "gnu++14";
				CLANG_CXX_LIBRARY = "libc++";
				CLANG_ENABLE_MODULES = YES;
				CLANG_ENABLE_OBJC_ARC = YES;
				CLANG_ENABLE_OBJC_WEAK = YES;
				CLANG_WARN_BLOCK_CAPTURE_AUTORELEASING = YES;
				CLANG_WARN_BOOL_CONVERSION = YES;
				CLANG_WARN_COMMA = YES;
				CLANG_WARN_CONSTANT_CONVERSION = YES;
				CLANG_WARN_DEPRECATED_OBJC_IMPLEMENTATIONS = YES;
				CLANG_WARN_DIRECT_OBJC_ISA_USAGE = YES_ERROR;
				CLANG_WARN_DOCUMENTATION_COMMENTS = YES;
				CLANG_WARN_EMPTY_BODY = YES;
				CLANG_WARN_ENUM_CONVERSION = YES;
				CLANG_WARN_INFINITE_RECURSION = YES;
				CLANG_WARN_INT_CONVERSION = YES;
				CLANG_WARN_NON_LITERAL_NULL_CONVERSION = YES;
				CLANG_WARN_OBJC_IMPLICIT_RETAIN_SELF = YES;
				CLANG_WARN_OBJC_LITERAL_CONVERSION = YES;
				CLANG_WARN_OBJC_ROOT_CLASS = YES_ERROR;
				CLANG_WARN_QUOTED_INCLUDE_IN_FRAMEWORK_HEADER = YES;
				CLANG_WARN_RANGE_LOOP_ANALYSIS = YES;
				CLANG_WARN_STRICT_PROTOTYPES = YES;
				CLANG_WARN_SUSPICIOUS_MOVE = YES;
				CLANG_WARN_UNGUARDED_AVAILABILITY = YES_AGGRESSIVE;
				CLANG_WARN_UNREACHABLE_CODE = YES;
				CLANG_WARN__DUPLICATE_METHOD_MATCH = YES;
				COPY_PHASE_STRIP = NO;
				DEBUG_INFORMATION_FORMAT = dwarf;
				ENABLE_STRICT_OBJC_MSGSEND = YES;
				ENABLE_TESTABILITY = YES;
				GCC_C_LANGUAGE_STANDARD = gnu11;
				GCC_DYNAMIC_NO_PIC = NO;
				GCC_NO_COMMON_BLOCKS = YES;
				GCC_OPTIMIZATION_LEVEL = 0;
				GCC_PREPROCESSOR_DEFINITIONS = (
					"DEBUG=1",
					"$(inherited)",
				);
				GCC_WARN_64_TO_32_BIT_CONVERSION = YES;
				GCC_WARN_ABOUT_RETURN_TYPE = YES_ERROR;
				GCC_WARN_UNDECLARED_SELECTOR = YES;
				GCC_WARN_UNINITIALIZED_AUTOS = YES_AGGRESSIVE;
				GCC_WARN_UNUSED_FUNCTION = YES;
				GCC_WARN_UNUSED_VARIABLE = YES;
				IPHONEOS_DEPLOYMENT_TARGET = 13.0;
				MTL_ENABLE_DEBUG_INFO = INCLUDE_SOURCE;
				MTL_FAST_MATH = YES;
				ONLY_ACTIVE_ARCH = YES;
				SDKROOT = iphoneos;
				SWIFT_ACTIVE_COMPILATION_CONDITIONS = DEBUG;
				SWIFT_OPTIMIZATION_LEVEL = "-Onone";
			};
			name = Debug;
		};
		A90D721B25F7FBE200BA697A /* Release */ = {
			isa = XCBuildConfiguration;
			buildSettings = {
				ALWAYS_SEARCH_USER_PATHS = NO;
				CLANG_ANALYZER_NONNULL = YES;
				CLANG_ANALYZER_NUMBER_OBJECT_CONVERSION = YES_AGGRESSIVE;
				CLANG_CXX_LANGUAGE_STANDARD = "gnu++14";
				CLANG_CXX_LIBRARY = "libc++";
				CLANG_ENABLE_MODULES = YES;
				CLANG_ENABLE_OBJC_ARC = YES;
				CLANG_ENABLE_OBJC_WEAK = YES;
				CLANG_WARN_BLOCK_CAPTURE_AUTORELEASING = YES;
				CLANG_WARN_BOOL_CONVERSION = YES;
				CLANG_WARN_COMMA = YES;
				CLANG_WARN_CONSTANT_CONVERSION = YES;
				CLANG_WARN_DEPRECATED_OBJC_IMPLEMENTATIONS = YES;
				CLANG_WARN_DIRECT_OBJC_ISA_USAGE = YES_ERROR;
				CLANG_WARN_DOCUMENTATION_COMMENTS = YES;
				CLANG_WARN_EMPTY_BODY = YES;
				CLANG_WARN_ENUM_CONVERSION = YES;
				CLANG_WARN_INFINITE_RECURSION = YES;
				CLANG_WARN_INT_CONVERSION = YES;
				CLANG_WARN_NON_LITERAL_NULL_CONVERSION = YES;
				CLANG_WARN_OBJC_IMPLICIT_RETAIN_SELF = YES;
				CLANG_WARN_OBJC_LITERAL_CONVERSION = YES;
				CLANG_WARN_OBJC_ROOT_CLASS = YES_ERROR;
				CLANG_WARN_QUOTED_INCLUDE_IN_FRAMEWORK_HEADER = YES;
				CLANG_WARN_RANGE_LOOP_ANALYSIS = YES;
				CLANG_WARN_STRICT_PROTOTYPES = YES;
				CLANG_WARN_SUSPICIOUS_MOVE = YES;
				CLANG_WARN_UNGUARDED_AVAILABILITY = YES_AGGRESSIVE;
				CLANG_WARN_UNREACHABLE_CODE = YES;
				CLANG_WARN__DUPLICATE_METHOD_MATCH = YES;
				COPY_PHASE_STRIP = NO;
				DEBUG_INFORMATION_FORMAT = "dwarf-with-dsym";
				ENABLE_NS_ASSERTIONS = NO;
				ENABLE_STRICT_OBJC_MSGSEND = YES;
				GCC_C_LANGUAGE_STANDARD = gnu11;
				GCC_NO_COMMON_BLOCKS = YES;
				GCC_WARN_64_TO_32_BIT_CONVERSION = YES;
				GCC_WARN_ABOUT_RETURN_TYPE = YES_ERROR;
				GCC_WARN_UNDECLARED_SELECTOR = YES;
				GCC_WARN_UNINITIALIZED_AUTOS = YES_AGGRESSIVE;
				GCC_WARN_UNUSED_FUNCTION = YES;
				GCC_WARN_UNUSED_VARIABLE = YES;
				IPHONEOS_DEPLOYMENT_TARGET = 13.0;
				MTL_ENABLE_DEBUG_INFO = NO;
				MTL_FAST_MATH = YES;
				SDKROOT = iphoneos;
				SWIFT_COMPILATION_MODE = wholemodule;
				SWIFT_OPTIMIZATION_LEVEL = "-O";
				VALIDATE_PRODUCT = YES;
			};
			name = Release;
		};
		A90D721D25F7FBE200BA697A /* Debug */ = {
			isa = XCBuildConfiguration;
			baseConfigurationReference = F78D1F27BC7182F8B6AF2B86 /* Pods-IChame.debug.xcconfig */;
			buildSettings = {
				ASSETCATALOG_COMPILER_APPICON_NAME = AppIcon;
				ASSETCATALOG_COMPILER_GLOBAL_ACCENT_COLOR_NAME = AccentColor;
				CODE_SIGN_STYLE = Automatic;
				DEVELOPMENT_TEAM = YC9A76K73N;
				INFOPLIST_FILE = "$(SRCROOT)/IChame/Resources/Supporting Files/Info.plist";
				LD_RUNPATH_SEARCH_PATHS = (
					"$(inherited)",
					"@executable_path/Frameworks",
				);
				PRODUCT_BUNDLE_IDENTIFIER = com.joglik.IChame;
				PRODUCT_NAME = "$(TARGET_NAME)";
				SWIFT_VERSION = 5.0;
				TARGETED_DEVICE_FAMILY = "1,2";
			};
			name = Debug;
		};
		A90D721E25F7FBE200BA697A /* Release */ = {
			isa = XCBuildConfiguration;
			baseConfigurationReference = 6D26FA843F1B72614A8DBF10 /* Pods-IChame.release.xcconfig */;
			buildSettings = {
				ASSETCATALOG_COMPILER_APPICON_NAME = AppIcon;
				ASSETCATALOG_COMPILER_GLOBAL_ACCENT_COLOR_NAME = AccentColor;
				CODE_SIGN_STYLE = Automatic;
				DEVELOPMENT_TEAM = YC9A76K73N;
				INFOPLIST_FILE = "$(SRCROOT)/IChame/Resources/Supporting Files/Info.plist";
				LD_RUNPATH_SEARCH_PATHS = (
					"$(inherited)",
					"@executable_path/Frameworks",
				);
				PRODUCT_BUNDLE_IDENTIFIER = com.joglik.IChame;
				PRODUCT_NAME = "$(TARGET_NAME)";
				SWIFT_VERSION = 5.0;
				TARGETED_DEVICE_FAMILY = "1,2";
			};
			name = Release;
		};
/* End XCBuildConfiguration section */

/* Begin XCConfigurationList section */
		A90D720325F7FBE100BA697A /* Build configuration list for PBXProject "IChame" */ = {
			isa = XCConfigurationList;
			buildConfigurations = (
				A90D721A25F7FBE200BA697A /* Debug */,
				A90D721B25F7FBE200BA697A /* Release */,
			);
			defaultConfigurationIsVisible = 0;
			defaultConfigurationName = Release;
		};
		A90D721C25F7FBE200BA697A /* Build configuration list for PBXNativeTarget "IChame" */ = {
			isa = XCConfigurationList;
			buildConfigurations = (
				A90D721D25F7FBE200BA697A /* Debug */,
				A90D721E25F7FBE200BA697A /* Release */,
			);
			defaultConfigurationIsVisible = 0;
			defaultConfigurationName = Release;
		};
/* End XCConfigurationList section */
	};
	rootObject = A90D720025F7FBE100BA697A /* Project object */;
}
