// !$*UTF8*$!
{
	archiveVersion = 1;
	classes = {
	};
	objectVersion = 51;
	objects = {

/* Begin PBXBuildFile section */
		28D644400C9359E38FC24D3B /* Pods_IChame.framework in Frameworks */ = {isa = PBXBuildFile; fileRef = 9870064A581430DE698BD6CF /* Pods_IChame.framework */; };
		A90D720C25F7FBE100BA697A /* AppDelegate.swift in Sources */ = {isa = PBXBuildFile; fileRef = A90D720B25F7FBE100BA697A /* AppDelegate.swift */; };
		A90D720E25F7FBE100BA697A /* SceneDelegate.swift in Sources */ = {isa = PBXBuildFile; fileRef = A90D720D25F7FBE100BA697A /* SceneDelegate.swift */; };
		A90D721025F7FBE100BA697A /* ViewController.swift in Sources */ = {isa = PBXBuildFile; fileRef = A90D720F25F7FBE100BA697A /* ViewController.swift */; };
		A90D721325F7FBE100BA697A /* Main.storyboard in Resources */ = {isa = PBXBuildFile; fileRef = A90D721125F7FBE100BA697A /* Main.storyboard */; };
		A90D721525F7FBE200BA697A /* Assets.xcassets in Resources */ = {isa = PBXBuildFile; fileRef = A90D721425F7FBE200BA697A /* Assets.xcassets */; };
		A90D721825F7FBE200BA697A /* LaunchScreen.storyboard in Resources */ = {isa = PBXBuildFile; fileRef = A90D721625F7FBE200BA697A /* LaunchScreen.storyboard */; };
		A92AE6AD25F8033600D1D00A /* GoogleService-Info.plist in Resources */ = {isa = PBXBuildFile; fileRef = A92AE6AC25F8033600D1D00A /* GoogleService-Info.plist */; };
		A9C629F725F8C83900B32D2A /* SplashScreen.storyboard in Resources */ = {isa = PBXBuildFile; fileRef = A9C629F625F8C83900B32D2A /* SplashScreen.storyboard */; };
		A9C629FA25F8C84900B32D2A /* SplashScreenViewController.swift in Sources */ = {isa = PBXBuildFile; fileRef = A9C629F925F8C84900B32D2A /* SplashScreenViewController.swift */; };
		A9C629FD25F8C85700B32D2A /* SplashScreenViewModel.swift in Sources */ = {isa = PBXBuildFile; fileRef = A9C629FC25F8C85700B32D2A /* SplashScreenViewModel.swift */; };
		A9C62A0225F8C9FB00B32D2A /* MainCoordinator.swift in Sources */ = {isa = PBXBuildFile; fileRef = A9C62A0125F8C9FB00B32D2A /* MainCoordinator.swift */; };
		A9E729AC25F7FDF30056B225 /* HelveticaNeueLTGEO-65Medium.otf in Resources */ = {isa = PBXBuildFile; fileRef = A9E729A925F7FDF30056B225 /* HelveticaNeueLTGEO-65Medium.otf */; };
		A9E729AD25F7FDF30056B225 /* HelveticaNeueLTGEO-75Bold.otf in Resources */ = {isa = PBXBuildFile; fileRef = A9E729AA25F7FDF30056B225 /* HelveticaNeueLTGEO-75Bold.otf */; };
		A9E729AE25F7FDF30056B225 /* HelveticaNeueLTGEO-55Roman.otf in Resources */ = {isa = PBXBuildFile; fileRef = A9E729AB25F7FDF30056B225 /* HelveticaNeueLTGEO-55Roman.otf */; };
/* End PBXBuildFile section */

/* Begin PBXFileReference section */
		6D26FA843F1B72614A8DBF10 /* Pods-IChame.release.xcconfig */ = {isa = PBXFileReference; includeInIndex = 1; lastKnownFileType = text.xcconfig; name = "Pods-IChame.release.xcconfig"; path = "Target Support Files/Pods-IChame/Pods-IChame.release.xcconfig"; sourceTree = "<group>"; };
		9870064A581430DE698BD6CF /* Pods_IChame.framework */ = {isa = PBXFileReference; explicitFileType = wrapper.framework; includeInIndex = 0; path = Pods_IChame.framework; sourceTree = BUILT_PRODUCTS_DIR; };
		A90D720825F7FBE100BA697A /* IChame.app */ = {isa = PBXFileReference; explicitFileType = wrapper.application; includeInIndex = 0; path = IChame.app; sourceTree = BUILT_PRODUCTS_DIR; };
		A90D720B25F7FBE100BA697A /* AppDelegate.swift */ = {isa = PBXFileReference; lastKnownFileType = sourcecode.swift; path = AppDelegate.swift; sourceTree = "<group>"; };
		A90D720D25F7FBE100BA697A /* SceneDelegate.swift */ = {isa = PBXFileReference; lastKnownFileType = sourcecode.swift; path = SceneDelegate.swift; sourceTree = "<group>"; };
		A90D720F25F7FBE100BA697A /* ViewController.swift */ = {isa = PBXFileReference; lastKnownFileType = sourcecode.swift; path = ViewController.swift; sourceTree = "<group>"; };
		A90D721225F7FBE100BA697A /* Base */ = {isa = PBXFileReference; lastKnownFileType = file.storyboard; name = Base; path = Base.lproj/Main.storyboard; sourceTree = "<group>"; };
		A90D721425F7FBE200BA697A /* Assets.xcassets */ = {isa = PBXFileReference; lastKnownFileType = folder.assetcatalog; path = Assets.xcassets; sourceTree = "<group>"; };
		A90D721725F7FBE200BA697A /* Base */ = {isa = PBXFileReference; lastKnownFileType = file.storyboard; name = Base; path = Base.lproj/LaunchScreen.storyboard; sourceTree = "<group>"; };
		A90D721925F7FBE200BA697A /* Info.plist */ = {isa = PBXFileReference; lastKnownFileType = text.plist.xml; path = Info.plist; sourceTree = "<group>"; };
		A92AE6AC25F8033600D1D00A /* GoogleService-Info.plist */ = {isa = PBXFileReference; fileEncoding = 4; lastKnownFileType = text.plist.xml; path = "GoogleService-Info.plist"; sourceTree = "<group>"; };
		A9C629F625F8C83900B32D2A /* SplashScreen.storyboard */ = {isa = PBXFileReference; lastKnownFileType = file.storyboard; path = SplashScreen.storyboard; sourceTree = "<group>"; };
		A9C629F925F8C84900B32D2A /* SplashScreenViewController.swift */ = {isa = PBXFileReference; lastKnownFileType = sourcecode.swift; path = SplashScreenViewController.swift; sourceTree = "<group>"; };
		A9C629FC25F8C85700B32D2A /* SplashScreenViewModel.swift */ = {isa = PBXFileReference; lastKnownFileType = sourcecode.swift; path = SplashScreenViewModel.swift; sourceTree = "<group>"; };
		A9C62A0125F8C9FB00B32D2A /* MainCoordinator.swift */ = {isa = PBXFileReference; lastKnownFileType = sourcecode.swift; path = MainCoordinator.swift; sourceTree = "<group>"; };
		A9E729A925F7FDF30056B225 /* HelveticaNeueLTGEO-65Medium.otf */ = {isa = PBXFileReference; lastKnownFileType = file; path = "HelveticaNeueLTGEO-65Medium.otf"; sourceTree = "<group>"; };
		A9E729AA25F7FDF30056B225 /* HelveticaNeueLTGEO-75Bold.otf */ = {isa = PBXFileReference; lastKnownFileType = file; path = "HelveticaNeueLTGEO-75Bold.otf"; sourceTree = "<group>"; };
		A9E729AB25F7FDF30056B225 /* HelveticaNeueLTGEO-55Roman.otf */ = {isa = PBXFileReference; lastKnownFileType = file; path = "HelveticaNeueLTGEO-55Roman.otf"; sourceTree = "<group>"; };
		F78D1F27BC7182F8B6AF2B86 /* Pods-IChame.debug.xcconfig */ = {isa = PBXFileReference; includeInIndex = 1; lastKnownFileType = text.xcconfig; name = "Pods-IChame.debug.xcconfig"; path = "Target Support Files/Pods-IChame/Pods-IChame.debug.xcconfig"; sourceTree = "<group>"; };
/* End PBXFileReference section */

/* Begin PBXFrameworksBuildPhase section */
		A90D720525F7FBE100BA697A /* Frameworks */ = {
			isa = PBXFrameworksBuildPhase;
			buildActionMask = 2147483647;
			files = (
				28D644400C9359E38FC24D3B /* Pods_IChame.framework in Frameworks */,
			);
			runOnlyForDeploymentPostprocessing = 0;
		};
/* End PBXFrameworksBuildPhase section */

/* Begin PBXGroup section */
		A90D71FF25F7FBE100BA697A = {
			isa = PBXGroup;
			children = (
				A90D720A25F7FBE100BA697A /* IChame */,
				A90D720925F7FBE100BA697A /* Products */,
				D55E25BFCE3514C04D4A13C3 /* Pods */,
				E264600F95AF8FF1EF5DDC9C /* Frameworks */,
			);
			sourceTree = "<group>";
		};
		A90D720925F7FBE100BA697A /* Products */ = {
			isa = PBXGroup;
			children = (
				A90D720825F7FBE100BA697A /* IChame.app */,
			);
			name = Products;
			sourceTree = "<group>";
		};
		A90D720A25F7FBE100BA697A /* IChame */ = {
			isa = PBXGroup;
			children = (
				A9E729B125F7FE130056B225 /* Core */,
				A9C62A0025F8C9E400B32D2A /* Coordinators */,
				A92AE69125F7FEAD00D1D00A /* App Modules */,
				A9E729A725F7FDEA0056B225 /* Resources */,
			);
			path = IChame;
			sourceTree = "<group>";
		};
		A92AE69125F7FEAD00D1D00A /* App Modules */ = {
			isa = PBXGroup;
			children = (
				A9C629F525F8C7F200B32D2A /* SplashScreen */,
				A92AE69825F8013F00D1D00A /* Authorization */,
				A90D720F25F7FBE100BA697A /* ViewController.swift */,
				A90D721125F7FBE100BA697A /* Main.storyboard */,
			);
			path = "App Modules";
			sourceTree = "<group>";
		};
		A92AE69825F8013F00D1D00A /* Authorization */ = {
			isa = PBXGroup;
			children = (
			);
			path = Authorization;
			sourceTree = "<group>";
		};
		A9C629F525F8C7F200B32D2A /* SplashScreen */ = {
			isa = PBXGroup;
			children = (
				A9C629F625F8C83900B32D2A /* SplashScreen.storyboard */,
				A9C629F925F8C84900B32D2A /* SplashScreenViewController.swift */,
				A9C629FC25F8C85700B32D2A /* SplashScreenViewModel.swift */,
			);
			path = SplashScreen;
			sourceTree = "<group>";
		};
		A9C62A0025F8C9E400B32D2A /* Coordinators */ = {
			isa = PBXGroup;
			children = (
				A9C62A0125F8C9FB00B32D2A /* MainCoordinator.swift */,
			);
			path = Coordinators;
			sourceTree = "<group>";
		};
		A9E729A725F7FDEA0056B225 /* Resources */ = {
			isa = PBXGroup;
			children = (
				A9E729B025F7FDFE0056B225 /* Supporting Files */,
				A90D721425F7FBE200BA697A /* Assets.xcassets */,
				A9E729A825F7FDF30056B225 /* Fonts */,
			);
			path = Resources;
			sourceTree = "<group>";
		};
		A9E729A825F7FDF30056B225 /* Fonts */ = {
			isa = PBXGroup;
			children = (
				A9E729A925F7FDF30056B225 /* HelveticaNeueLTGEO-65Medium.otf */,
				A9E729AA25F7FDF30056B225 /* HelveticaNeueLTGEO-75Bold.otf */,
				A9E729AB25F7FDF30056B225 /* HelveticaNeueLTGEO-55Roman.otf */,
			);
			path = Fonts;
			sourceTree = "<group>";
		};
		A9E729B025F7FDFE0056B225 /* Supporting Files */ = {
			isa = PBXGroup;
			children = (
				A90D721925F7FBE200BA697A /* Info.plist */,
				A92AE6AC25F8033600D1D00A /* GoogleService-Info.plist */,
			);
			path = "Supporting Files";
			sourceTree = "<group>";
		};
		A9E729B125F7FE130056B225 /* Core */ = {
			isa = PBXGroup;
			children = (
				A9E729B225F7FE1D0056B225 /* App */,
			);
			path = Core;
			sourceTree = "<group>";
		};
		A9E729B225F7FE1D0056B225 /* App */ = {
			isa = PBXGroup;
			children = (
				A90D721625F7FBE200BA697A /* LaunchScreen.storyboard */,
				A90D720B25F7FBE100BA697A /* AppDelegate.swift */,
				A90D720D25F7FBE100BA697A /* SceneDelegate.swift */,
			);
			path = App;
			sourceTree = "<group>";
		};
		D55E25BFCE3514C04D4A13C3 /* Pods */ = {
			isa = PBXGroup;
			children = (
				F78D1F27BC7182F8B6AF2B86 /* Pods-IChame.debug.xcconfig */,
				6D26FA843F1B72614A8DBF10 /* Pods-IChame.release.xcconfig */,
			);
			path = Pods;
			sourceTree = "<group>";
		};
		E264600F95AF8FF1EF5DDC9C /* Frameworks */ = {
			isa = PBXGroup;
			children = (
				9870064A581430DE698BD6CF /* Pods_IChame.framework */,
			);
			name = Frameworks;
			sourceTree = "<group>";
		};
/* End PBXGroup section */

/* Begin PBXNativeTarget section */
		A90D720725F7FBE100BA697A /* IChame */ = {
			isa = PBXNativeTarget;
			buildConfigurationList = A90D721C25F7FBE200BA697A /* Build configuration list for PBXNativeTarget "IChame" */;
			buildPhases = (
				8FC3DD473F1AE81C53877EFF /* [CP] Check Pods Manifest.lock */,
				A90D720425F7FBE100BA697A /* Sources */,
				A90D720525F7FBE100BA697A /* Frameworks */,
				A90D720625F7FBE100BA697A /* Resources */,
				68D2BCC7A0739AA157219324 /* [CP] Embed Pods Frameworks */,
			);
			buildRules = (
			);
			dependencies = (
			);
			name = IChame;
			productName = IChame;
			productReference = A90D720825F7FBE100BA697A /* IChame.app */;
			productType = "com.apple.product-type.application";
		};
/* End PBXNativeTarget section */

/* Begin PBXProject section */
		A90D720025F7FBE100BA697A /* Project object */ = {
			isa = PBXProject;
			attributes = {
				LastSwiftUpdateCheck = 1240;
				LastUpgradeCheck = 1240;
				ORGANIZATIONNAME = "Rezo Joglidze";
				TargetAttributes = {
					A90D720725F7FBE100BA697A = {
						CreatedOnToolsVersion = 12.4;
					};
				};
			};
			buildConfigurationList = A90D720325F7FBE100BA697A /* Build configuration list for PBXProject "IChame" */;
			compatibilityVersion = "Xcode 9.3";
			developmentRegion = en;
			hasScannedForEncodings = 0;
			knownRegions = (
				en,
				Base,
			);
			mainGroup = A90D71FF25F7FBE100BA697A;
			productRefGroup = A90D720925F7FBE100BA697A /* Products */;
			projectDirPath = "";
			projectRoot = "";
			targets = (
				A90D720725F7FBE100BA697A /* IChame */,
			);
		};
/* End PBXProject section */

/* Begin PBXResourcesBuildPhase section */
		A90D720625F7FBE100BA697A /* Resources */ = {
			isa = PBXResourcesBuildPhase;
			buildActionMask = 2147483647;
			files = (
				A9E729AC25F7FDF30056B225 /* HelveticaNeueLTGEO-65Medium.otf in Resources */,
				A9C629F725F8C83900B32D2A /* SplashScreen.storyboard in Resources */,
				A90D721825F7FBE200BA697A /* LaunchScreen.storyboard in Resources */,
				A9E729AE25F7FDF30056B225 /* HelveticaNeueLTGEO-55Roman.otf in Resources */,
				A9E729AD25F7FDF30056B225 /* HelveticaNeueLTGEO-75Bold.otf in Resources */,
				A90D721525F7FBE200BA697A /* Assets.xcassets in Resources */,
				A90D721325F7FBE100BA697A /* Main.storyboard in Resources */,
				A92AE6AD25F8033600D1D00A /* GoogleService-Info.plist in Resources */,
			);
			runOnlyForDeploymentPostprocessing = 0;
		};
/* End PBXResourcesBuildPhase section */

/* Begin PBXShellScriptBuildPhase section */
		68D2BCC7A0739AA157219324 /* [CP] Embed Pods Frameworks */ = {
			isa = PBXShellScriptBuildPhase;
			buildActionMask = 2147483647;
			files = (
			);
			inputFileListPaths = (
				"${PODS_ROOT}/Target Support Files/Pods-IChame/Pods-IChame-frameworks-${CONFIGURATION}-input-files.xcfilelist",
			);
			name = "[CP] Embed Pods Frameworks";
			outputFileListPaths = (
				"${PODS_ROOT}/Target Support Files/Pods-IChame/Pods-IChame-frameworks-${CONFIGURATION}-output-files.xcfilelist",
			);
			runOnlyForDeploymentPostprocessing = 0;
			shellPath = /bin/sh;
			shellScript = "\"${PODS_ROOT}/Target Support Files/Pods-IChame/Pods-IChame-frameworks.sh\"\n";
			showEnvVarsInLog = 0;
		};
		8FC3DD473F1AE81C53877EFF /* [CP] Check Pods Manifest.lock */ = {
			isa = PBXShellScriptBuildPhase;
			buildActionMask = 2147483647;
			files = (
			);
			inputFileListPaths = (
			);
			inputPaths = (
				"${PODS_PODFILE_DIR_PATH}/Podfile.lock",
				"${PODS_ROOT}/Manifest.lock",
			);
			name = "[CP] Check Pods Manifest.lock";
			outputFileListPaths = (
			);
			outputPaths = (
				"$(DERIVED_FILE_DIR)/Pods-IChame-checkManifestLockResult.txt",
			);
			runOnlyForDeploymentPostprocessing = 0;
			shellPath = /bin/sh;
			shellScript = "diff \"${PODS_PODFILE_DIR_PATH}/Podfile.lock\" \"${PODS_ROOT}/Manifest.lock\" > /dev/null\nif [ $? != 0 ] ; then\n    # print error to STDERR\n    echo \"error: The sandbox is not in sync with the Podfile.lock. Run 'pod install' or update your CocoaPods installation.\" >&2\n    exit 1\nfi\n# This output is used by Xcode 'outputs' to avoid re-running this script phase.\necho \"SUCCESS\" > \"${SCRIPT_OUTPUT_FILE_0}\"\n";
			showEnvVarsInLog = 0;
		};
/* End PBXShellScriptBuildPhase section */

/* Begin PBXSourcesBuildPhase section */
		A90D720425F7FBE100BA697A /* Sources */ = {
			isa = PBXSourcesBuildPhase;
			buildActionMask = 2147483647;
			files = (
				A90D721025F7FBE100BA697A /* ViewController.swift in Sources */,
				A9C62A0225F8C9FB00B32D2A /* MainCoordinator.swift in Sources */,
				A90D720C25F7FBE100BA697A /* AppDelegate.swift in Sources */,
				A90D720E25F7FBE100BA697A /* SceneDelegate.swift in Sources */,
				A9C629FA25F8C84900B32D2A /* SplashScreenViewController.swift in Sources */,
				A9C629FD25F8C85700B32D2A /* SplashScreenViewModel.swift in Sources */,
			);
			runOnlyForDeploymentPostprocessing = 0;
		};
/* End PBXSourcesBuildPhase section */

/* Begin PBXVariantGroup section */
		A90D721125F7FBE100BA697A /* Main.storyboard */ = {
			isa = PBXVariantGroup;
			children = (
				A90D721225F7FBE100BA697A /* Base */,
			);
			name = Main.storyboard;
			sourceTree = "<group>";
		};
		A90D721625F7FBE200BA697A /* LaunchScreen.storyboard */ = {
			isa = PBXVariantGroup;
			children = (
				A90D721725F7FBE200BA697A /* Base */,
			);
			name = LaunchScreen.storyboard;
			sourceTree = "<group>";
		};
/* End PBXVariantGroup section */

/* Begin XCBuildConfiguration section */
		A90D721A25F7FBE200BA697A /* Debug */ = {
			isa = XCBuildConfiguration;
			buildSettings = {
				ALWAYS_SEARCH_USER_PATHS = NO;
				CLANG_ANALYZER_NONNULL = YES;
				CLANG_ANALYZER_NUMBER_OBJECT_CONVERSION = YES_AGGRESSIVE;
				CLANG_CXX_LANGUAGE_STANDARD = "gnu++14";
				CLANG_CXX_LIBRARY = "libc++";
				CLANG_ENABLE_MODULES = YES;
				CLANG_ENABLE_OBJC_ARC = YES;
				CLANG_ENABLE_OBJC_WEAK = YES;
				CLANG_WARN_BLOCK_CAPTURE_AUTORELEASING = YES;
				CLANG_WARN_BOOL_CONVERSION = YES;
				CLANG_WARN_COMMA = YES;
				CLANG_WARN_CONSTANT_CONVERSION = YES;
				CLANG_WARN_DEPRECATED_OBJC_IMPLEMENTATIONS = YES;
				CLANG_WARN_DIRECT_OBJC_ISA_USAGE = YES_ERROR;
				CLANG_WARN_DOCUMENTATION_COMMENTS = YES;
				CLANG_WARN_EMPTY_BODY = YES;
				CLANG_WARN_ENUM_CONVERSION = YES;
				CLANG_WARN_INFINITE_RECURSION = YES;
				CLANG_WARN_INT_CONVERSION = YES;
				CLANG_WARN_NON_LITERAL_NULL_CONVERSION = YES;
				CLANG_WARN_OBJC_IMPLICIT_RETAIN_SELF = YES;
				CLANG_WARN_OBJC_LITERAL_CONVERSION = YES;
				CLANG_WARN_OBJC_ROOT_CLASS = YES_ERROR;
				CLANG_WARN_QUOTED_INCLUDE_IN_FRAMEWORK_HEADER = YES;
				CLANG_WARN_RANGE_LOOP_ANALYSIS = YES;
				CLANG_WARN_STRICT_PROTOTYPES = YES;
				CLANG_WARN_SUSPICIOUS_MOVE = YES;
				CLANG_WARN_UNGUARDED_AVAILABILITY = YES_AGGRESSIVE;
				CLANG_WARN_UNREACHABLE_CODE = YES;
				CLANG_WARN__DUPLICATE_METHOD_MATCH = YES;
				COPY_PHASE_STRIP = NO;
				DEBUG_INFORMATION_FORMAT = dwarf;
				ENABLE_STRICT_OBJC_MSGSEND = YES;
				ENABLE_TESTABILITY = YES;
				GCC_C_LANGUAGE_STANDARD = gnu11;
				GCC_DYNAMIC_NO_PIC = NO;
				GCC_NO_COMMON_BLOCKS = YES;
				GCC_OPTIMIZATION_LEVEL = 0;
				GCC_PREPROCESSOR_DEFINITIONS = (
					"DEBUG=1",
					"$(inherited)",
				);
				GCC_WARN_64_TO_32_BIT_CONVERSION = YES;
				GCC_WARN_ABOUT_RETURN_TYPE = YES_ERROR;
				GCC_WARN_UNDECLARED_SELECTOR = YES;
				GCC_WARN_UNINITIALIZED_AUTOS = YES_AGGRESSIVE;
				GCC_WARN_UNUSED_FUNCTION = YES;
				GCC_WARN_UNUSED_VARIABLE = YES;
				IPHONEOS_DEPLOYMENT_TARGET = 14.4;
				MTL_ENABLE_DEBUG_INFO = INCLUDE_SOURCE;
				MTL_FAST_MATH = YES;
				ONLY_ACTIVE_ARCH = YES;
				SDKROOT = iphoneos;
				SWIFT_ACTIVE_COMPILATION_CONDITIONS = DEBUG;
				SWIFT_OPTIMIZATION_LEVEL = "-Onone";
			};
			name = Debug;
		};
		A90D721B25F7FBE200BA697A /* Release */ = {
			isa = XCBuildConfiguration;
			buildSettings = {
				ALWAYS_SEARCH_USER_PATHS = NO;
				CLANG_ANALYZER_NONNULL = YES;
				CLANG_ANALYZER_NUMBER_OBJECT_CONVERSION = YES_AGGRESSIVE;
				CLANG_CXX_LANGUAGE_STANDARD = "gnu++14";
				CLANG_CXX_LIBRARY = "libc++";
				CLANG_ENABLE_MODULES = YES;
				CLANG_ENABLE_OBJC_ARC = YES;
				CLANG_ENABLE_OBJC_WEAK = YES;
				CLANG_WARN_BLOCK_CAPTURE_AUTORELEASING = YES;
				CLANG_WARN_BOOL_CONVERSION = YES;
				CLANG_WARN_COMMA = YES;
				CLANG_WARN_CONSTANT_CONVERSION = YES;
				CLANG_WARN_DEPRECATED_OBJC_IMPLEMENTATIONS = YES;
				CLANG_WARN_DIRECT_OBJC_ISA_USAGE = YES_ERROR;
				CLANG_WARN_DOCUMENTATION_COMMENTS = YES;
				CLANG_WARN_EMPTY_BODY = YES;
				CLANG_WARN_ENUM_CONVERSION = YES;
				CLANG_WARN_INFINITE_RECURSION = YES;
				CLANG_WARN_INT_CONVERSION = YES;
				CLANG_WARN_NON_LITERAL_NULL_CONVERSION = YES;
				CLANG_WARN_OBJC_IMPLICIT_RETAIN_SELF = YES;
				CLANG_WARN_OBJC_LITERAL_CONVERSION = YES;
				CLANG_WARN_OBJC_ROOT_CLASS = YES_ERROR;
				CLANG_WARN_QUOTED_INCLUDE_IN_FRAMEWORK_HEADER = YES;
				CLANG_WARN_RANGE_LOOP_ANALYSIS = YES;
				CLANG_WARN_STRICT_PROTOTYPES = YES;
				CLANG_WARN_SUSPICIOUS_MOVE = YES;
				CLANG_WARN_UNGUARDED_AVAILABILITY = YES_AGGRESSIVE;
				CLANG_WARN_UNREACHABLE_CODE = YES;
				CLANG_WARN__DUPLICATE_METHOD_MATCH = YES;
				COPY_PHASE_STRIP = NO;
				DEBUG_INFORMATION_FORMAT = "dwarf-with-dsym";
				ENABLE_NS_ASSERTIONS = NO;
				ENABLE_STRICT_OBJC_MSGSEND = YES;
				GCC_C_LANGUAGE_STANDARD = gnu11;
				GCC_NO_COMMON_BLOCKS = YES;
				GCC_WARN_64_TO_32_BIT_CONVERSION = YES;
				GCC_WARN_ABOUT_RETURN_TYPE = YES_ERROR;
				GCC_WARN_UNDECLARED_SELECTOR = YES;
				GCC_WARN_UNINITIALIZED_AUTOS = YES_AGGRESSIVE;
				GCC_WARN_UNUSED_FUNCTION = YES;
				GCC_WARN_UNUSED_VARIABLE = YES;
				IPHONEOS_DEPLOYMENT_TARGET = 14.4;
				MTL_ENABLE_DEBUG_INFO = NO;
				MTL_FAST_MATH = YES;
				SDKROOT = iphoneos;
				SWIFT_COMPILATION_MODE = wholemodule;
				SWIFT_OPTIMIZATION_LEVEL = "-O";
				VALIDATE_PRODUCT = YES;
			};
			name = Release;
		};
		A90D721D25F7FBE200BA697A /* Debug */ = {
			isa = XCBuildConfiguration;
			baseConfigurationReference = F78D1F27BC7182F8B6AF2B86 /* Pods-IChame.debug.xcconfig */;
			buildSettings = {
				ASSETCATALOG_COMPILER_APPICON_NAME = AppIcon;
				ASSETCATALOG_COMPILER_GLOBAL_ACCENT_COLOR_NAME = AccentColor;
				CODE_SIGN_STYLE = Automatic;
				DEVELOPMENT_TEAM = YC9A76K73N;
				INFOPLIST_FILE = "$(SRCROOT)/IChame/Resources/Supporting Files/Info.plist";
				LD_RUNPATH_SEARCH_PATHS = (
					"$(inherited)",
					"@executable_path/Frameworks",
				);
				PRODUCT_BUNDLE_IDENTIFIER = com.joglik.IChame;
				PRODUCT_NAME = "$(TARGET_NAME)";
				SWIFT_VERSION = 5.0;
				TARGETED_DEVICE_FAMILY = "1,2";
			};
			name = Debug;
		};
		A90D721E25F7FBE200BA697A /* Release */ = {
			isa = XCBuildConfiguration;
			baseConfigurationReference = 6D26FA843F1B72614A8DBF10 /* Pods-IChame.release.xcconfig */;
			buildSettings = {
				ASSETCATALOG_COMPILER_APPICON_NAME = AppIcon;
				ASSETCATALOG_COMPILER_GLOBAL_ACCENT_COLOR_NAME = AccentColor;
				CODE_SIGN_STYLE = Automatic;
				DEVELOPMENT_TEAM = YC9A76K73N;
				INFOPLIST_FILE = "$(SRCROOT)/IChame/Resources/Supporting Files/Info.plist";
				LD_RUNPATH_SEARCH_PATHS = (
					"$(inherited)",
					"@executable_path/Frameworks",
				);
				PRODUCT_BUNDLE_IDENTIFIER = com.joglik.IChame;
				PRODUCT_NAME = "$(TARGET_NAME)";
				SWIFT_VERSION = 5.0;
				TARGETED_DEVICE_FAMILY = "1,2";
			};
			name = Release;
		};
/* End XCBuildConfiguration section */

/* Begin XCConfigurationList section */
		A90D720325F7FBE100BA697A /* Build configuration list for PBXProject "IChame" */ = {
			isa = XCConfigurationList;
			buildConfigurations = (
				A90D721A25F7FBE200BA697A /* Debug */,
				A90D721B25F7FBE200BA697A /* Release */,
			);
			defaultConfigurationIsVisible = 0;
			defaultConfigurationName = Release;
		};
		A90D721C25F7FBE200BA697A /* Build configuration list for PBXNativeTarget "IChame" */ = {
			isa = XCConfigurationList;
			buildConfigurations = (
				A90D721D25F7FBE200BA697A /* Debug */,
				A90D721E25F7FBE200BA697A /* Release */,
			);
			defaultConfigurationIsVisible = 0;
			defaultConfigurationName = Release;
		};
/* End XCConfigurationList section */
	};
	rootObject = A90D720025F7FBE100BA697A /* Project object */;
}
